dependencies:
- name: vault-secrets-operator
  repository: https://helm.releases.hashicorp.com
  version: 0.3.4
- name: template
  repository: https://repo.2martens.de/charts
  version: 0.2.0
digest: sha256:e442b364d1407c67515fd5f71635c618ad782e634c5c41df157eb352509728dc
generated: "2023-11-04T12:26:32.810341+01:00"
