dependencies:
- name: prometheus-kafka-exporter
  repository: https://prometheus-community.github.io/helm-charts
  version: 2.7.0
- name: template
  repository: file://../template
  version: 0.1.21
digest: sha256:0d86a5d1eb9435a2c68d5acf4e31899cd8b50329052236feff2476d01a405b1c
generated: "2023-11-02T12:12:13.425908+01:00"
