dependencies:
- name: prometheus-kafka-exporter
  repository: https://prometheus-community.github.io/helm-charts
  version: 2.8.0
- name: template
  repository: file://../template
  version: 0.5.0
digest: sha256:5764823b1f9d5ebea6551e20aaeaf542e2fe679da2c4774298e7fa4da9db98c2
generated: "2024-02-04T23:10:44.993804+01:00"
