dependencies:
- name: prometheus-kafka-exporter
  repository: https://prometheus-community.github.io/helm-charts
  version: 2.7.0
- name: template
  repository: file://../template
  version: 0.1.22
digest: sha256:9b33cdcd95a71f03e31eb0814b9c7f354edf900546bd1c4d0c8ed76f7c5601fd
generated: "2023-11-02T12:23:14.14753+01:00"
