dependencies:
- name: template
  repository: https://repo.2martens.de/charts
  version: 0.4.1
- name: prometheus-kafka-exporter
  repository: https://prometheus-community.github.io/helm-charts
  version: 2.8.0
digest: sha256:3586c02de766ac74dc5faabf55d4ecb4523155f775c5e330837c943725283ddf
generated: "2024-02-04T22:57:32.440725+01:00"
