dependencies:
- name: template
  repository: https://repo.2martens.de/charts
  version: 0.3.3
- name: prometheus-kafka-exporter
  repository: https://prometheus-community.github.io/helm-charts
  version: 2.7.0
digest: sha256:7767fee0e666af815c013da4ed1e14692ce54936f3ebd495af5cdfbdccc60b60
generated: "2024-01-10T10:56:41.312194+01:00"
